// !$*UTF8*$!
{
	archiveVersion = 1;
	classes = {
	};
	objectVersion = 48;
	objects = {

/* Begin PBXBuildFile section */
		51C30AEB8D1D01E207F82476 /* Pods_LoadMore.framework in Frameworks */ = {isa = PBXBuildFile; fileRef = B366FC6E8E38F042AF5FAFB7 /* Pods_LoadMore.framework */; };
		6C2BE8991FC19063007D8430 /* AppDelegate.swift in Sources */ = {isa = PBXBuildFile; fileRef = 6C2BE8981FC19063007D8430 /* AppDelegate.swift */; };
		6C2BE89E1FC19063007D8430 /* Main.storyboard in Resources */ = {isa = PBXBuildFile; fileRef = 6C2BE89C1FC19063007D8430 /* Main.storyboard */; };
		6C2BE8A01FC19063007D8430 /* Assets.xcassets in Resources */ = {isa = PBXBuildFile; fileRef = 6C2BE89F1FC19063007D8430 /* Assets.xcassets */; };
		6C2BE8A31FC19063007D8430 /* LaunchScreen.storyboard in Resources */ = {isa = PBXBuildFile; fileRef = 6C2BE8A11FC19063007D8430 /* LaunchScreen.storyboard */; };
		6C2BE8AD1FC1934C007D8430 /* CountriesTableViewController.swift in Sources */ = {isa = PBXBuildFile; fileRef = 6C2BE8AC1FC1934C007D8430 /* CountriesTableViewController.swift */; };
		6C2F93701FC2D98B0089EF2E /* Country.swift in Sources */ = {isa = PBXBuildFile; fileRef = 6C2F936F1FC2D98B0089EF2E /* Country.swift */; };
/* End PBXBuildFile section */

/* Begin PBXFileReference section */
		0C8CA818F353989CB93D19AD /* Pods-LoadMore.debug.xcconfig */ = {isa = PBXFileReference; includeInIndex = 1; lastKnownFileType = text.xcconfig; name = "Pods-LoadMore.debug.xcconfig"; path = "Pods/Target Support Files/Pods-LoadMore/Pods-LoadMore.debug.xcconfig"; sourceTree = "<group>"; };
		41A888BD03BC8F8A97912559 /* Pods-LoadMore.release.xcconfig */ = {isa = PBXFileReference; includeInIndex = 1; lastKnownFileType = text.xcconfig; name = "Pods-LoadMore.release.xcconfig"; path = "Pods/Target Support Files/Pods-LoadMore/Pods-LoadMore.release.xcconfig"; sourceTree = "<group>"; };
		6C2BE8951FC19063007D8430 /* LoadMore.app */ = {isa = PBXFileReference; explicitFileType = wrapper.application; includeInIndex = 0; path = LoadMore.app; sourceTree = BUILT_PRODUCTS_DIR; };
		6C2BE8981FC19063007D8430 /* AppDelegate.swift */ = {isa = PBXFileReference; lastKnownFileType = sourcecode.swift; path = AppDelegate.swift; sourceTree = "<group>"; };
		6C2BE89D1FC19063007D8430 /* Base */ = {isa = PBXFileReference; lastKnownFileType = file.storyboard; name = Base; path = Base.lproj/Main.storyboard; sourceTree = "<group>"; };
		6C2BE89F1FC19063007D8430 /* Assets.xcassets */ = {isa = PBXFileReference; lastKnownFileType = folder.assetcatalog; path = Assets.xcassets; sourceTree = "<group>"; };
		6C2BE8A21FC19063007D8430 /* Base */ = {isa = PBXFileReference; lastKnownFileType = file.storyboard; name = Base; path = Base.lproj/LaunchScreen.storyboard; sourceTree = "<group>"; };
		6C2BE8A41FC19063007D8430 /* Info.plist */ = {isa = PBXFileReference; lastKnownFileType = text.plist.xml; path = Info.plist; sourceTree = "<group>"; };
		6C2BE8AC1FC1934C007D8430 /* CountriesTableViewController.swift */ = {isa = PBXFileReference; lastKnownFileType = sourcecode.swift; path = CountriesTableViewController.swift; sourceTree = "<group>"; };
		6C2F936F1FC2D98B0089EF2E /* Country.swift */ = {isa = PBXFileReference; lastKnownFileType = sourcecode.swift; path = Country.swift; sourceTree = "<group>"; };
		B366FC6E8E38F042AF5FAFB7 /* Pods_LoadMore.framework */ = {isa = PBXFileReference; explicitFileType = wrapper.framework; includeInIndex = 0; path = Pods_LoadMore.framework; sourceTree = BUILT_PRODUCTS_DIR; };
/* End PBXFileReference section */

/* Begin PBXFrameworksBuildPhase section */
		6C2BE8921FC19063007D8430 /* Frameworks */ = {
			isa = PBXFrameworksBuildPhase;
			buildActionMask = 2147483647;
			files = (
				51C30AEB8D1D01E207F82476 /* Pods_LoadMore.framework in Frameworks */,
			);
			runOnlyForDeploymentPostprocessing = 0;
		};
/* End PBXFrameworksBuildPhase section */

/* Begin PBXGroup section */
		46A9A2D5D27423E1565C853D /* Pods */ = {
			isa = PBXGroup;
			children = (
				0C8CA818F353989CB93D19AD /* Pods-LoadMore.debug.xcconfig */,
				41A888BD03BC8F8A97912559 /* Pods-LoadMore.release.xcconfig */,
			);
			name = Pods;
			sourceTree = "<group>";
		};
		6C2BE88C1FC19063007D8430 = {
			isa = PBXGroup;
			children = (
				6C2BE8971FC19063007D8430 /* LoadMore */,
				6C2BE8961FC19063007D8430 /* Products */,
				46A9A2D5D27423E1565C853D /* Pods */,
				7586C1DD93C3A2740D9961FB /* Frameworks */,
			);
			sourceTree = "<group>";
		};
		6C2BE8961FC19063007D8430 /* Products */ = {
			isa = PBXGroup;
			children = (
				6C2BE8951FC19063007D8430 /* LoadMore.app */,
			);
			name = Products;
			sourceTree = "<group>";
		};
		6C2BE8971FC19063007D8430 /* LoadMore */ = {
			isa = PBXGroup;
			children = (
				6C2BE8981FC19063007D8430 /* AppDelegate.swift */,
				6C2BE89C1FC19063007D8430 /* Main.storyboard */,
				6C2BE89F1FC19063007D8430 /* Assets.xcassets */,
				6C2BE8A11FC19063007D8430 /* LaunchScreen.storyboard */,
				6C2BE8A41FC19063007D8430 /* Info.plist */,
				6C2BE8AC1FC1934C007D8430 /* CountriesTableViewController.swift */,
				6C2F936F1FC2D98B0089EF2E /* Country.swift */,
			);
			path = LoadMore;
			sourceTree = "<group>";
		};
		7586C1DD93C3A2740D9961FB /* Frameworks */ = {
			isa = PBXGroup;
			children = (
				B366FC6E8E38F042AF5FAFB7 /* Pods_LoadMore.framework */,
			);
			name = Frameworks;
			sourceTree = "<group>";
		};
/* End PBXGroup section */

/* Begin PBXNativeTarget section */
		6C2BE8941FC19063007D8430 /* LoadMore */ = {
			isa = PBXNativeTarget;
			buildConfigurationList = 6C2BE8A71FC19063007D8430 /* Build configuration list for PBXNativeTarget "LoadMore" */;
			buildPhases = (
				0619B6B89EB7720755421E17 /* [CP] Check Pods Manifest.lock */,
				6C2BE8911FC19063007D8430 /* Sources */,
				6C2BE8921FC19063007D8430 /* Frameworks */,
				6C2BE8931FC19063007D8430 /* Resources */,
				08310CC4CF64FE7E8E1CB8D2 /* [CP] Embed Pods Frameworks */,
				FA813A952F95B3ED0EE0AC07 /* [CP] Copy Pods Resources */,
			);
			buildRules = (
			);
			dependencies = (
			);
			name = LoadMore;
			productName = LoadMore;
			productReference = 6C2BE8951FC19063007D8430 /* LoadMore.app */;
			productType = "com.apple.product-type.application";
		};
/* End PBXNativeTarget section */

/* Begin PBXProject section */
		6C2BE88D1FC19063007D8430 /* Project object */ = {
			isa = PBXProject;
			attributes = {
				LastSwiftUpdateCheck = 0910;
				LastUpgradeCheck = 0910;
				ORGANIZATIONNAME = "Jong Banaag";
				TargetAttributes = {
					6C2BE8941FC19063007D8430 = {
						CreatedOnToolsVersion = 9.1;
						ProvisioningStyle = Automatic;
					};
				};
			};
			buildConfigurationList = 6C2BE8901FC19063007D8430 /* Build configuration list for PBXProject "LoadMore" */;
			compatibilityVersion = "Xcode 8.0";
			developmentRegion = en;
			hasScannedForEncodings = 0;
			knownRegions = (
				en,
				Base,
			);
			mainGroup = 6C2BE88C1FC19063007D8430;
			productRefGroup = 6C2BE8961FC19063007D8430 /* Products */;
			projectDirPath = "";
			projectRoot = "";
			targets = (
				6C2BE8941FC19063007D8430 /* LoadMore */,
			);
		};
/* End PBXProject section */

/* Begin PBXResourcesBuildPhase section */
		6C2BE8931FC19063007D8430 /* Resources */ = {
			isa = PBXResourcesBuildPhase;
			buildActionMask = 2147483647;
			files = (
				6C2BE8A31FC19063007D8430 /* LaunchScreen.storyboard in Resources */,
				6C2BE8A01FC19063007D8430 /* Assets.xcassets in Resources */,
				6C2BE89E1FC19063007D8430 /* Main.storyboard in Resources */,
			);
			runOnlyForDeploymentPostprocessing = 0;
		};
/* End PBXResourcesBuildPhase section */

/* Begin PBXShellScriptBuildPhase section */
		0619B6B89EB7720755421E17 /* [CP] Check Pods Manifest.lock */ = {
			isa = PBXShellScriptBuildPhase;
			buildActionMask = 2147483647;
			files = (
			);
			inputPaths = (
				"${PODS_PODFILE_DIR_PATH}/Podfile.lock",
				"${PODS_ROOT}/Manifest.lock",
			);
			name = "[CP] Check Pods Manifest.lock";
			outputPaths = (
				"$(DERIVED_FILE_DIR)/Pods-LoadMore-checkManifestLockResult.txt",
			);
			runOnlyForDeploymentPostprocessing = 0;
			shellPath = /bin/sh;
			shellScript = "diff \"${PODS_PODFILE_DIR_PATH}/Podfile.lock\" \"${PODS_ROOT}/Manifest.lock\" > /dev/null\nif [ $? != 0 ] ; then\n    # print error to STDERR\n    echo \"error: The sandbox is not in sync with the Podfile.lock. Run 'pod install' or update your CocoaPods installation.\" >&2\n    exit 1\nfi\n# This output is used by Xcode 'outputs' to avoid re-running this script phase.\necho \"SUCCESS\" > \"${SCRIPT_OUTPUT_FILE_0}\"\n";
			showEnvVarsInLog = 0;
		};
		08310CC4CF64FE7E8E1CB8D2 /* [CP] Embed Pods Frameworks */ = {
			isa = PBXShellScriptBuildPhase;
			buildActionMask = 2147483647;
			files = (
			);
			inputPaths = (
				"${SRCROOT}/Pods/Target Support Files/Pods-LoadMore/Pods-LoadMore-frameworks.sh",
				"${BUILT_PRODUCTS_DIR}/Feathers/Feathers.framework",
				"${BUILT_PRODUCTS_DIR}/FeathersSwiftSocketIO/FeathersSwiftSocketIO.framework",
				"${BUILT_PRODUCTS_DIR}/KeychainSwift/KeychainSwift.framework",
				"${BUILT_PRODUCTS_DIR}/ReactiveSwift/ReactiveSwift.framework",
				"${BUILT_PRODUCTS_DIR}/Result/Result.framework",
				"${BUILT_PRODUCTS_DIR}/Socket.IO-Client-Swift/SocketIO.framework",
				"${BUILT_PRODUCTS_DIR}/Starscream/Starscream.framework",
			);
			name = "[CP] Embed Pods Frameworks";
			outputPaths = (
				"${TARGET_BUILD_DIR}/${FRAMEWORKS_FOLDER_PATH}/Feathers.framework",
				"${TARGET_BUILD_DIR}/${FRAMEWORKS_FOLDER_PATH}/FeathersSwiftSocketIO.framework",
				"${TARGET_BUILD_DIR}/${FRAMEWORKS_FOLDER_PATH}/KeychainSwift.framework",
				"${TARGET_BUILD_DIR}/${FRAMEWORKS_FOLDER_PATH}/ReactiveSwift.framework",
				"${TARGET_BUILD_DIR}/${FRAMEWORKS_FOLDER_PATH}/Result.framework",
				"${TARGET_BUILD_DIR}/${FRAMEWORKS_FOLDER_PATH}/SocketIO.framework",
				"${TARGET_BUILD_DIR}/${FRAMEWORKS_FOLDER_PATH}/Starscream.framework",
			);
			runOnlyForDeploymentPostprocessing = 0;
			shellPath = /bin/sh;
			shellScript = "\"${SRCROOT}/Pods/Target Support Files/Pods-LoadMore/Pods-LoadMore-frameworks.sh\"\n";
			showEnvVarsInLog = 0;
		};
		FA813A952F95B3ED0EE0AC07 /* [CP] Copy Pods Resources */ = {
			isa = PBXShellScriptBuildPhase;
			buildActionMask = 2147483647;
			files = (
			);
			inputPaths = (
			);
			name = "[CP] Copy Pods Resources";
			outputPaths = (
			);
			runOnlyForDeploymentPostprocessing = 0;
			shellPath = /bin/sh;
			shellScript = "\"${SRCROOT}/Pods/Target Support Files/Pods-LoadMore/Pods-LoadMore-resources.sh\"\n";
			showEnvVarsInLog = 0;
		};
/* End PBXShellScriptBuildPhase section */

/* Begin PBXSourcesBuildPhase section */
		6C2BE8911FC19063007D8430 /* Sources */ = {
			isa = PBXSourcesBuildPhase;
			buildActionMask = 2147483647;
			files = (
				6C2BE8AD1FC1934C007D8430 /* CountriesTableViewController.swift in Sources */,
				6C2F93701FC2D98B0089EF2E /* Country.swift in Sources */,
				6C2BE8991FC19063007D8430 /* AppDelegate.swift in Sources */,
			);
			runOnlyForDeploymentPostprocessing = 0;
		};
/* End PBXSourcesBuildPhase section */

/* Begin PBXVariantGroup section */
		6C2BE89C1FC19063007D8430 /* Main.storyboard */ = {
			isa = PBXVariantGroup;
			children = (
				6C2BE89D1FC19063007D8430 /* Base */,
			);
			name = Main.storyboard;
			sourceTree = "<group>";
		};
		6C2BE8A11FC19063007D8430 /* LaunchScreen.storyboard */ = {
			isa = PBXVariantGroup;
			children = (
				6C2BE8A21FC19063007D8430 /* Base */,
			);
			name = LaunchScreen.storyboard;
			sourceTree = "<group>";
		};
/* End PBXVariantGroup section */

/* Begin XCBuildConfiguration section */
		6C2BE8A51FC19063007D8430 /* Debug */ = {
			isa = XCBuildConfiguration;
			buildSettings = {
				ALWAYS_SEARCH_USER_PATHS = NO;
				CLANG_ANALYZER_NONNULL = YES;
				CLANG_ANALYZER_NUMBER_OBJECT_CONVERSION = YES_AGGRESSIVE;
				CLANG_CXX_LANGUAGE_STANDARD = "gnu++14";
				CLANG_CXX_LIBRARY = "libc++";
				CLANG_ENABLE_MODULES = YES;
				CLANG_ENABLE_OBJC_ARC = YES;
				CLANG_WARN_BLOCK_CAPTURE_AUTORELEASING = YES;
				CLANG_WARN_BOOL_CONVERSION = YES;
				CLANG_WARN_COMMA = YES;
				CLANG_WARN_CONSTANT_CONVERSION = YES;
				CLANG_WARN_DIRECT_OBJC_ISA_USAGE = YES_ERROR;
				CLANG_WARN_DOCUMENTATION_COMMENTS = YES;
				CLANG_WARN_EMPTY_BODY = YES;
				CLANG_WARN_ENUM_CONVERSION = YES;
				CLANG_WARN_INFINITE_RECURSION = YES;
				CLANG_WARN_INT_CONVERSION = YES;
				CLANG_WARN_NON_LITERAL_NULL_CONVERSION = YES;
				CLANG_WARN_OBJC_LITERAL_CONVERSION = YES;
				CLANG_WARN_OBJC_ROOT_CLASS = YES_ERROR;
				CLANG_WARN_RANGE_LOOP_ANALYSIS = YES;
				CLANG_WARN_STRICT_PROTOTYPES = YES;
				CLANG_WARN_SUSPICIOUS_MOVE = YES;
				CLANG_WARN_UNGUARDED_AVAILABILITY = YES_AGGRESSIVE;
				CLANG_WARN_UNREACHABLE_CODE = YES;
				CLANG_WARN__DUPLICATE_METHOD_MATCH = YES;
				CODE_SIGN_IDENTITY = "iPhone Developer";
				COPY_PHASE_STRIP = NO;
				DEBUG_INFORMATION_FORMAT = dwarf;
				ENABLE_STRICT_OBJC_MSGSEND = YES;
				ENABLE_TESTABILITY = YES;
				GCC_C_LANGUAGE_STANDARD = gnu11;
				GCC_DYNAMIC_NO_PIC = NO;
				GCC_NO_COMMON_BLOCKS = YES;
				GCC_OPTIMIZATION_LEVEL = 0;
				GCC_PREPROCESSOR_DEFINITIONS = (
					"DEBUG=1",
					"$(inherited)",
				);
				GCC_WARN_64_TO_32_BIT_CONVERSION = YES;
				GCC_WARN_ABOUT_RETURN_TYPE = YES_ERROR;
				GCC_WARN_UNDECLARED_SELECTOR = YES;
				GCC_WARN_UNINITIALIZED_AUTOS = YES_AGGRESSIVE;
				GCC_WARN_UNUSED_FUNCTION = YES;
				GCC_WARN_UNUSED_VARIABLE = YES;
				IPHONEOS_DEPLOYMENT_TARGET = 11.1;
				MTL_ENABLE_DEBUG_INFO = YES;
				ONLY_ACTIVE_ARCH = YES;
				SDKROOT = iphoneos;
				SWIFT_ACTIVE_COMPILATION_CONDITIONS = DEBUG;
				SWIFT_OPTIMIZATION_LEVEL = "-Onone";
			};
			name = Debug;
		};
		6C2BE8A61FC19063007D8430 /* Release */ = {
			isa = XCBuildConfiguration;
			buildSettings = {
				ALWAYS_SEARCH_USER_PATHS = NO;
				CLANG_ANALYZER_NONNULL = YES;
				CLANG_ANALYZER_NUMBER_OBJECT_CONVERSION = YES_AGGRESSIVE;
				CLANG_CXX_LANGUAGE_STANDARD = "gnu++14";
				CLANG_CXX_LIBRARY = "libc++";
				CLANG_ENABLE_MODULES = YES;
				CLANG_ENABLE_OBJC_ARC = YES;
				CLANG_WARN_BLOCK_CAPTURE_AUTORELEASING = YES;
				CLANG_WARN_BOOL_CONVERSION = YES;
				CLANG_WARN_COMMA = YES;
				CLANG_WARN_CONSTANT_CONVERSION = YES;
				CLANG_WARN_DIRECT_OBJC_ISA_USAGE = YES_ERROR;
				CLANG_WARN_DOCUMENTATION_COMMENTS = YES;
				CLANG_WARN_EMPTY_BODY = YES;
				CLANG_WARN_ENUM_CONVERSION = YES;
				CLANG_WARN_INFINITE_RECURSION = YES;
				CLANG_WARN_INT_CONVERSION = YES;
				CLANG_WARN_NON_LITERAL_NULL_CONVERSION = YES;
				CLANG_WARN_OBJC_LITERAL_CONVERSION = YES;
				CLANG_WARN_OBJC_ROOT_CLASS = YES_ERROR;
				CLANG_WARN_RANGE_LOOP_ANALYSIS = YES;
				CLANG_WARN_STRICT_PROTOTYPES = YES;
				CLANG_WARN_SUSPICIOUS_MOVE = YES;
				CLANG_WARN_UNGUARDED_AVAILABILITY = YES_AGGRESSIVE;
				CLANG_WARN_UNREACHABLE_CODE = YES;
				CLANG_WARN__DUPLICATE_METHOD_MATCH = YES;
				CODE_SIGN_IDENTITY = "iPhone Developer";
				COPY_PHASE_STRIP = NO;
				DEBUG_INFORMATION_FORMAT = "dwarf-with-dsym";
				ENABLE_NS_ASSERTIONS = NO;
				ENABLE_STRICT_OBJC_MSGSEND = YES;
				GCC_C_LANGUAGE_STANDARD = gnu11;
				GCC_NO_COMMON_BLOCKS = YES;
				GCC_WARN_64_TO_32_BIT_CONVERSION = YES;
				GCC_WARN_ABOUT_RETURN_TYPE = YES_ERROR;
				GCC_WARN_UNDECLARED_SELECTOR = YES;
				GCC_WARN_UNINITIALIZED_AUTOS = YES_AGGRESSIVE;
				GCC_WARN_UNUSED_FUNCTION = YES;
				GCC_WARN_UNUSED_VARIABLE = YES;
				IPHONEOS_DEPLOYMENT_TARGET = 11.1;
				MTL_ENABLE_DEBUG_INFO = NO;
				SDKROOT = iphoneos;
				SWIFT_OPTIMIZATION_LEVEL = "-Owholemodule";
				VALIDATE_PRODUCT = YES;
			};
			name = Release;
		};
		6C2BE8A81FC19063007D8430 /* Debug */ = {
			isa = XCBuildConfiguration;
			baseConfigurationReference = 0C8CA818F353989CB93D19AD /* Pods-LoadMore.debug.xcconfig */;
			buildSettings = {
				ASSETCATALOG_COMPILER_APPICON_NAME = AppIcon;
				CODE_SIGN_STYLE = Automatic;
				DEVELOPMENT_TEAM = 6U7L8Z8AWJ;
				INFOPLIST_FILE = LoadMore/Info.plist;
				LD_RUNPATH_SEARCH_PATHS = "$(inherited) @executable_path/Frameworks";
				PRODUCT_BUNDLE_IDENTIFIER = AAB.LoadMore;
				PRODUCT_NAME = "$(TARGET_NAME)";
				SWIFT_VERSION = 4.0;
				TARGETED_DEVICE_FAMILY = 1;
			};
			name = Debug;
		};
		6C2BE8A91FC19063007D8430 /* Release */ = {
			isa = XCBuildConfiguration;
			baseConfigurationReference = 41A888BD03BC8F8A97912559 /* Pods-LoadMore.release.xcconfig */;
			buildSettings = {
				ASSETCATALOG_COMPILER_APPICON_NAME = AppIcon;
				CODE_SIGN_STYLE = Automatic;
				DEVELOPMENT_TEAM = 6U7L8Z8AWJ;
				INFOPLIST_FILE = LoadMore/Info.plist;
				LD_RUNPATH_SEARCH_PATHS = "$(inherited) @executable_path/Frameworks";
				PRODUCT_BUNDLE_IDENTIFIER = AAB.LoadMore;
				PRODUCT_NAME = "$(TARGET_NAME)";
				SWIFT_VERSION = 4.0;
				TARGETED_DEVICE_FAMILY = 1;
			};
			name = Release;
		};
/* End XCBuildConfiguration section */

/* Begin XCConfigurationList section */
		6C2BE8901FC19063007D8430 /* Build configuration list for PBXProject "LoadMore" */ = {
			isa = XCConfigurationList;
			buildConfigurations = (
				6C2BE8A51FC19063007D8430 /* Debug */,
				6C2BE8A61FC19063007D8430 /* Release */,
			);
			defaultConfigurationIsVisible = 0;
			defaultConfigurationName = Release;
		};
		6C2BE8A71FC19063007D8430 /* Build configuration list for PBXNativeTarget "LoadMore" */ = {
			isa = XCConfigurationList;
			buildConfigurations = (
				6C2BE8A81FC19063007D8430 /* Debug */,
				6C2BE8A91FC19063007D8430 /* Release */,
			);
			defaultConfigurationIsVisible = 0;
			defaultConfigurationName = Release;
		};
/* End XCConfigurationList section */
	};
	rootObject = 6C2BE88D1FC19063007D8430 /* Project object */;
}
